
Microsoft Visual Studio Solution File, Format Version 12.00
# Visual Studio 14
VisualStudioVersion = 14.0.25123.0
MinimumVisualStudioVersion = 10.0.40219.1
Project("{2150E333-8FDC-42A3-9474-1A3956D46DE8}") = "Android", "Android", "{C3B82141-0F00-4A6D-88D4-18A8E6E75BDC}"
EndProject
Project("{39E2626F-3545-4960-A6E8-258AD8476CE5}") = "Android-Application", "Platforms\Android-Application\Android-Application.androidproj", "{1B2660B7-D8F7-4329-9818-9D143F762BB6}"
EndProject
Project("{8BC9CEB8-8B4A-11D0-8D11-00A0C91BC942}") = "Android-NativeActivity", "Platforms\Android-NativeActivity\Android-NativeActivity.vcxproj", "{7129011E-A943-43DB-A40D-11EBEFC567DC}"
EndProject
Project("{8BC9CEB8-8B4A-11D0-8D11-00A0C91BC942}") = "iOS-Application", "Platforms\iOS-Application\iOS-Application.xcodeproj\project.pbxproj", "{6364ED0D-972B-4E09-8AFF-0F5A14D4B340}"
EndProject
Project("{8BC9CEB8-8B4A-11D0-8D11-00A0C91BC942}") = "WindowsUniversal", "Platforms\WindowsUniversal-Application\WindowsUniversal-Application.vcxproj", "{95C73565-64A6-4680-A0AE-50F66A94876D}"
EndProject
Project("{2150E333-8FDC-42A3-9474-1A3956D46DE8}") = "iOS", "iOS", "{CDA1FA56-3B9A-42E6-892B-103CBA428D0B}"
EndProject
Project("{8BC9CEB8-8B4A-11D0-8D11-00A0C91BC942}") = "iOS-StaticLibrary", "Platforms\iOS-StaticLibrary\iOS-StaticLibrary.vcxproj", "{042C862E-2B8E-4BD7-B987-8EA3CEDBCE8E}"
EndProject
Project("{8BC9CEB8-8B4A-11D0-8D11-00A0C91BC942}") = "WindowsUniversal-StaticLibrary", "Platforms\WindowsUniversal-StaticLibrary\WindowsUniversal-StaticLibrary.vcxproj", "{839C9F2F-2FBF-4553-9469-1BD3890D686F}"
EndProject
Project("{8BC9CEB8-8B4A-11D0-8D11-00A0C91BC942}") = "Win32", "Platforms\Win32-Application\Win32-Application.vcxproj", "{C504882D-FDED-4949-8A2B-6847899502E5}"
EndProject
Project("{8BC9CEB8-8B4A-11D0-8D11-00A0C91BC942}") = "SharedCode", "SourceShared\SourceShared.vcxitems", "{04735107-3ECB-4BB0-986F-AB19FCF6073A}"
EndProject
Project("{2150E333-8FDC-42A3-9474-1A3956D46DE8}") = "Platforms", "Platforms", "{016716D6-2BDB-4B95-A6AE-0BD71C6C98B7}"
EndProject
Project("{2150E333-8FDC-42A3-9474-1A3956D46DE8}") = "WindowsUniversal", "WindowsUniversal", "{704282D7-A38F-4D4B-8A9A-2A6B35D21FC1}"
EndProject
Global
	GlobalSection(SharedMSBuildProjectFiles) = preSolution
		SourceShared\SourceShared.vcxitems*{04735107-3ecb-4bb0-986f-ab19fcf6073a}*SharedItemsImports = 9
		SourceShared\SourceShared.vcxitems*{7129011e-a943-43db-a40d-11ebefc567dc}*SharedItemsImports = 4
		SourceShared\SourceShared.vcxitems*{c504882d-fded-4949-8a2b-6847899502e5}*SharedItemsImports = 4
	EndGlobalSection
	GlobalSection(SolutionConfigurationPlatforms) = preSolution
		Debug|ARM = Debug|ARM
		Debug|ARM64 = Debug|ARM64
		Debug|x64 = Debug|x64
		Debug|x86 = Debug|x86
		Release|ARM = Release|ARM
		Release|ARM64 = Release|ARM64
		Release|x64 = Release|x64
		Release|x86 = Release|x86
	EndGlobalSection
	GlobalSection(ProjectConfigurationPlatforms) = postSolution
		{1B2660B7-D8F7-4329-9818-9D143F762BB6}.Debug|ARM.ActiveCfg = Debug|ARM
		{1B2660B7-D8F7-4329-9818-9D143F762BB6}.Debug|ARM.Build.0 = Debug|ARM
		{1B2660B7-D8F7-4329-9818-9D143F762BB6}.Debug|ARM.Deploy.0 = Debug|ARM
		{1B2660B7-D8F7-4329-9818-9D143F762BB6}.Debug|ARM64.ActiveCfg = Debug|ARM64
		{1B2660B7-D8F7-4329-9818-9D143F762BB6}.Debug|ARM64.Build.0 = Debug|ARM64
		{1B2660B7-D8F7-4329-9818-9D143F762BB6}.Debug|ARM64.Deploy.0 = Debug|ARM64
		{1B2660B7-D8F7-4329-9818-9D143F762BB6}.Debug|x64.ActiveCfg = Debug|x64
		{1B2660B7-D8F7-4329-9818-9D143F762BB6}.Debug|x64.Build.0 = Debug|x64
		{1B2660B7-D8F7-4329-9818-9D143F762BB6}.Debug|x64.Deploy.0 = Debug|x64
		{1B2660B7-D8F7-4329-9818-9D143F762BB6}.Debug|x86.ActiveCfg = Debug|x86
		{1B2660B7-D8F7-4329-9818-9D143F762BB6}.Debug|x86.Build.0 = Debug|x86
		{1B2660B7-D8F7-4329-9818-9D143F762BB6}.Debug|x86.Deploy.0 = Debug|x86
		{1B2660B7-D8F7-4329-9818-9D143F762BB6}.Release|ARM.ActiveCfg = Release|ARM
		{1B2660B7-D8F7-4329-9818-9D143F762BB6}.Release|ARM.Build.0 = Release|ARM
		{1B2660B7-D8F7-4329-9818-9D143F762BB6}.Release|ARM.Deploy.0 = Release|ARM
		{1B2660B7-D8F7-4329-9818-9D143F762BB6}.Release|ARM64.ActiveCfg = Release|ARM64
		{1B2660B7-D8F7-4329-9818-9D143F762BB6}.Release|ARM64.Build.0 = Release|ARM64
		{1B2660B7-D8F7-4329-9818-9D143F762BB6}.Release|ARM64.Deploy.0 = Release|ARM64
		{1B2660B7-D8F7-4329-9818-9D143F762BB6}.Release|x64.ActiveCfg = Release|x64
		{1B2660B7-D8F7-4329-9818-9D143F762BB6}.Release|x64.Build.0 = Release|x64
		{1B2660B7-D8F7-4329-9818-9D143F762BB6}.Release|x64.Deploy.0 = Release|x64
		{1B2660B7-D8F7-4329-9818-9D143F762BB6}.Release|x86.ActiveCfg = Release|x86
		{1B2660B7-D8F7-4329-9818-9D143F762BB6}.Release|x86.Build.0 = Release|x86
		{1B2660B7-D8F7-4329-9818-9D143F762BB6}.Release|x86.Deploy.0 = Release|x86
		{7129011E-A943-43DB-A40D-11EBEFC567DC}.Debug|ARM.ActiveCfg = Debug|ARM
		{7129011E-A943-43DB-A40D-11EBEFC567DC}.Debug|ARM.Build.0 = Debug|ARM
		{7129011E-A943-43DB-A40D-11EBEFC567DC}.Debug|ARM64.ActiveCfg = Debug|ARM64
		{7129011E-A943-43DB-A40D-11EBEFC567DC}.Debug|ARM64.Build.0 = Debug|ARM64
		{7129011E-A943-43DB-A40D-11EBEFC567DC}.Debug|x64.ActiveCfg = Debug|x64
		{7129011E-A943-43DB-A40D-11EBEFC567DC}.Debug|x64.Build.0 = Debug|x64
		{7129011E-A943-43DB-A40D-11EBEFC567DC}.Debug|x86.ActiveCfg = Debug|x86
		{7129011E-A943-43DB-A40D-11EBEFC567DC}.Debug|x86.Build.0 = Debug|x86
		{7129011E-A943-43DB-A40D-11EBEFC567DC}.Release|ARM.ActiveCfg = Release|ARM
		{7129011E-A943-43DB-A40D-11EBEFC567DC}.Release|ARM.Build.0 = Release|ARM
		{7129011E-A943-43DB-A40D-11EBEFC567DC}.Release|ARM64.ActiveCfg = Release|ARM64
		{7129011E-A943-43DB-A40D-11EBEFC567DC}.Release|ARM64.Build.0 = Release|ARM64
		{7129011E-A943-43DB-A40D-11EBEFC567DC}.Release|x64.ActiveCfg = Release|x64
		{7129011E-A943-43DB-A40D-11EBEFC567DC}.Release|x64.Build.0 = Release|x64
		{7129011E-A943-43DB-A40D-11EBEFC567DC}.Release|x86.ActiveCfg = Release|x86
		{7129011E-A943-43DB-A40D-11EBEFC567DC}.Release|x86.Build.0 = Release|x86
		{6364ED0D-972B-4E09-8AFF-0F5A14D4B340}.Debug|ARM.ActiveCfg = Debug|ARM
		{6364ED0D-972B-4E09-8AFF-0F5A14D4B340}.Debug|ARM.Build.0 = Debug|ARM
		{6364ED0D-972B-4E09-8AFF-0F5A14D4B340}.Debug|ARM.Deploy.0 = Debug|ARM
		{6364ED0D-972B-4E09-8AFF-0F5A14D4B340}.Debug|ARM64.ActiveCfg = Debug|ARM64
		{6364ED0D-972B-4E09-8AFF-0F5A14D4B340}.Debug|ARM64.Build.0 = Debug|ARM64
		{6364ED0D-972B-4E09-8AFF-0F5A14D4B340}.Debug|ARM64.Deploy.0 = Debug|ARM64
		{6364ED0D-972B-4E09-8AFF-0F5A14D4B340}.Debug|x64.ActiveCfg = Debug|x64
		{6364ED0D-972B-4E09-8AFF-0F5A14D4B340}.Debug|x64.Build.0 = Debug|x64
		{6364ED0D-972B-4E09-8AFF-0F5A14D4B340}.Debug|x64.Deploy.0 = Debug|x64
		{6364ED0D-972B-4E09-8AFF-0F5A14D4B340}.Debug|x86.ActiveCfg = Debug|x86
		{6364ED0D-972B-4E09-8AFF-0F5A14D4B340}.Debug|x86.Build.0 = Debug|x86
		{6364ED0D-972B-4E09-8AFF-0F5A14D4B340}.Debug|x86.Deploy.0 = Debug|x86
		{6364ED0D-972B-4E09-8AFF-0F5A14D4B340}.Release|ARM.ActiveCfg = Release|ARM
		{6364ED0D-972B-4E09-8AFF-0F5A14D4B340}.Release|ARM.Build.0 = Release|ARM
		{6364ED0D-972B-4E09-8AFF-0F5A14D4B340}.Release|ARM.Deploy.0 = Release|ARM
		{6364ED0D-972B-4E09-8AFF-0F5A14D4B340}.Release|ARM64.ActiveCfg = Release|ARM64
		{6364ED0D-972B-4E09-8AFF-0F5A14D4B340}.Release|ARM64.Build.0 = Release|ARM64
		{6364ED0D-972B-4E09-8AFF-0F5A14D4B340}.Release|ARM64.Deploy.0 = Release|ARM64
		{6364ED0D-972B-4E09-8AFF-0F5A14D4B340}.Release|x64.ActiveCfg = Release|x64
		{6364ED0D-972B-4E09-8AFF-0F5A14D4B340}.Release|x64.Build.0 = Release|x64
		{6364ED0D-972B-4E09-8AFF-0F5A14D4B340}.Release|x64.Deploy.0 = Release|x64
		{6364ED0D-972B-4E09-8AFF-0F5A14D4B340}.Release|x86.ActiveCfg = Release|x86
		{6364ED0D-972B-4E09-8AFF-0F5A14D4B340}.Release|x86.Build.0 = Release|x86
		{6364ED0D-972B-4E09-8AFF-0F5A14D4B340}.Release|x86.Deploy.0 = Release|x86
		{95C73565-64A6-4680-A0AE-50F66A94876D}.Debug|ARM.ActiveCfg = Debug|ARM
		{95C73565-64A6-4680-A0AE-50F66A94876D}.Debug|ARM.Build.0 = Debug|ARM
		{95C73565-64A6-4680-A0AE-50F66A94876D}.Debug|ARM.Deploy.0 = Debug|ARM
		{95C73565-64A6-4680-A0AE-50F66A94876D}.Debug|ARM64.ActiveCfg = Debug|Win32
		{95C73565-64A6-4680-A0AE-50F66A94876D}.Debug|x64.ActiveCfg = Debug|x64
		{95C73565-64A6-4680-A0AE-50F66A94876D}.Debug|x64.Build.0 = Debug|x64
		{95C73565-64A6-4680-A0AE-50F66A94876D}.Debug|x64.Deploy.0 = Debug|x64
		{95C73565-64A6-4680-A0AE-50F66A94876D}.Debug|x86.ActiveCfg = Debug|Win32
		{95C73565-64A6-4680-A0AE-50F66A94876D}.Debug|x86.Build.0 = Debug|Win32
		{95C73565-64A6-4680-A0AE-50F66A94876D}.Debug|x86.Deploy.0 = Debug|Win32
		{95C73565-64A6-4680-A0AE-50F66A94876D}.Release|ARM.ActiveCfg = Release|ARM
		{95C73565-64A6-4680-A0AE-50F66A94876D}.Release|ARM.Build.0 = Release|ARM
		{95C73565-64A6-4680-A0AE-50F66A94876D}.Release|ARM.Deploy.0 = Release|ARM
		{95C73565-64A6-4680-A0AE-50F66A94876D}.Release|ARM64.ActiveCfg = Release|Win32
		{95C73565-64A6-4680-A0AE-50F66A94876D}.Release|x64.ActiveCfg = Release|x64
		{95C73565-64A6-4680-A0AE-50F66A94876D}.Release|x64.Build.0 = Release|x64
		{95C73565-64A6-4680-A0AE-50F66A94876D}.Release|x64.Deploy.0 = Release|x64
		{95C73565-64A6-4680-A0AE-50F66A94876D}.Release|x86.ActiveCfg = Release|Win32
		{95C73565-64A6-4680-A0AE-50F66A94876D}.Release|x86.Build.0 = Release|Win32
		{95C73565-64A6-4680-A0AE-50F66A94876D}.Release|x86.Deploy.0 = Release|Win32
		{042C862E-2B8E-4BD7-B987-8EA3CEDBCE8E}.Debug|ARM.ActiveCfg = Debug|ARM
		{042C862E-2B8E-4BD7-B987-8EA3CEDBCE8E}.Debug|ARM.Build.0 = Debug|ARM
		{042C862E-2B8E-4BD7-B987-8EA3CEDBCE8E}.Debug|ARM64.ActiveCfg = Debug|ARM64
		{042C862E-2B8E-4BD7-B987-8EA3CEDBCE8E}.Debug|ARM64.Build.0 = Debug|ARM64
		{042C862E-2B8E-4BD7-B987-8EA3CEDBCE8E}.Debug|x64.ActiveCfg = Debug|x64
		{042C862E-2B8E-4BD7-B987-8EA3CEDBCE8E}.Debug|x64.Build.0 = Debug|x64
		{042C862E-2B8E-4BD7-B987-8EA3CEDBCE8E}.Debug|x86.ActiveCfg = Debug|x86
		{042C862E-2B8E-4BD7-B987-8EA3CEDBCE8E}.Debug|x86.Build.0 = Debug|x86
		{042C862E-2B8E-4BD7-B987-8EA3CEDBCE8E}.Release|ARM.ActiveCfg = Release|ARM
		{042C862E-2B8E-4BD7-B987-8EA3CEDBCE8E}.Release|ARM.Build.0 = Release|ARM
		{042C862E-2B8E-4BD7-B987-8EA3CEDBCE8E}.Release|ARM64.ActiveCfg = Release|ARM64
		{042C862E-2B8E-4BD7-B987-8EA3CEDBCE8E}.Release|ARM64.Build.0 = Release|ARM64
		{042C862E-2B8E-4BD7-B987-8EA3CEDBCE8E}.Release|x64.ActiveCfg = Release|x64
		{042C862E-2B8E-4BD7-B987-8EA3CEDBCE8E}.Release|x64.Build.0 = Release|x64
		{042C862E-2B8E-4BD7-B987-8EA3CEDBCE8E}.Release|x86.ActiveCfg = Release|x86
		{042C862E-2B8E-4BD7-B987-8EA3CEDBCE8E}.Release|x86.Build.0 = Release|x86
		{839C9F2F-2FBF-4553-9469-1BD3890D686F}.Debug|ARM.ActiveCfg = Debug|ARM
		{839C9F2F-2FBF-4553-9469-1BD3890D686F}.Debug|ARM.Build.0 = Debug|ARM
		{839C9F2F-2FBF-4553-9469-1BD3890D686F}.Debug|ARM64.ActiveCfg = Debug|Win32
		{839C9F2F-2FBF-4553-9469-1BD3890D686F}.Debug|x64.ActiveCfg = Debug|x64
		{839C9F2F-2FBF-4553-9469-1BD3890D686F}.Debug|x64.Build.0 = Debug|x64
		{839C9F2F-2FBF-4553-9469-1BD3890D686F}.Debug|x86.ActiveCfg = Debug|Win32
		{839C9F2F-2FBF-4553-9469-1BD3890D686F}.Debug|x86.Build.0 = Debug|Win32
		{839C9F2F-2FBF-4553-9469-1BD3890D686F}.Release|ARM.ActiveCfg = Release|ARM
		{839C9F2F-2FBF-4553-9469-1BD3890D686F}.Release|ARM.Build.0 = Release|ARM
		{839C9F2F-2FBF-4553-9469-1BD3890D686F}.Release|ARM64.ActiveCfg = Release|Win32
		{839C9F2F-2FBF-4553-9469-1BD3890D686F}.Release|x64.ActiveCfg = Release|x64
		{839C9F2F-2FBF-4553-9469-1BD3890D686F}.Release|x64.Build.0 = Release|x64
		{839C9F2F-2FBF-4553-9469-1BD3890D686F}.Release|x86.ActiveCfg = Release|Win32
		{839C9F2F-2FBF-4553-9469-1BD3890D686F}.Release|x86.Build.0 = Release|Win32
		{C504882D-FDED-4949-8A2B-6847899502E5}.Debug|ARM.ActiveCfg = Debug|Win32
		{C504882D-FDED-4949-8A2B-6847899502E5}.Debug|ARM64.ActiveCfg = Debug|Win32
		{C504882D-FDED-4949-8A2B-6847899502E5}.Debug|x64.ActiveCfg = Debug|x64
		{C504882D-FDED-4949-8A2B-6847899502E5}.Debug|x64.Build.0 = Debug|x64
		{C504882D-FDED-4949-8A2B-6847899502E5}.Debug|x86.ActiveCfg = Debug|Win32
		{C504882D-FDED-4949-8A2B-6847899502E5}.Debug|x86.Build.0 = Debug|Win32
		{C504882D-FDED-4949-8A2B-6847899502E5}.Release|ARM.ActiveCfg = Release|Win32
		{C504882D-FDED-4949-8A2B-6847899502E5}.Release|ARM64.ActiveCfg = Release|Win32
		{C504882D-FDED-4949-8A2B-6847899502E5}.Release|x64.ActiveCfg = Release|x64
		{C504882D-FDED-4949-8A2B-6847899502E5}.Release|x64.Build.0 = Release|x64
		{C504882D-FDED-4949-8A2B-6847899502E5}.Release|x86.ActiveCfg = Release|Win32
		{C504882D-FDED-4949-8A2B-6847899502E5}.Release|x86.Build.0 = Release|Win32
	EndGlobalSection
	GlobalSection(SolutionProperties) = preSolution
		HideSolutionNode = FALSE
	EndGlobalSection
	GlobalSection(NestedProjects) = preSolution
		{C3B82141-0F00-4A6D-88D4-18A8E6E75BDC} = {016716D6-2BDB-4B95-A6AE-0BD71C6C98B7}
		{1B2660B7-D8F7-4329-9818-9D143F762BB6} = {C3B82141-0F00-4A6D-88D4-18A8E6E75BDC}
		{7129011E-A943-43DB-A40D-11EBEFC567DC} = {C3B82141-0F00-4A6D-88D4-18A8E6E75BDC}
		{6364ED0D-972B-4E09-8AFF-0F5A14D4B340} = {CDA1FA56-3B9A-42E6-892B-103CBA428D0B}
		{95C73565-64A6-4680-A0AE-50F66A94876D} = {704282D7-A38F-4D4B-8A9A-2A6B35D21FC1}
		{CDA1FA56-3B9A-42E6-892B-103CBA428D0B} = {016716D6-2BDB-4B95-A6AE-0BD71C6C98B7}
		{042C862E-2B8E-4BD7-B987-8EA3CEDBCE8E} = {CDA1FA56-3B9A-42E6-892B-103CBA428D0B}
		{839C9F2F-2FBF-4553-9469-1BD3890D686F} = {704282D7-A38F-4D4B-8A9A-2A6B35D21FC1}
		{C504882D-FDED-4949-8A2B-6847899502E5} = {016716D6-2BDB-4B95-A6AE-0BD71C6C98B7}
		{704282D7-A38F-4D4B-8A9A-2A6B35D21FC1} = {016716D6-2BDB-4B95-A6AE-0BD71C6C98B7}
	EndGlobalSection
EndGlobal
